// !$*UTF8*$!
{
	archiveVersion = 1;
	classes = {
	};
	objectVersion = 50;
	objects = {

/* Begin PBXBuildFile section */
		2F6F535C21CA5C8700EEAE06 /* AppDelegate.swift in Sources */ = {isa = PBXBuildFile; fileRef = 2F6F535B21CA5C8700EEAE06 /* AppDelegate.swift */; };
		2F6F536121CA5C8700EEAE06 /* Main.storyboard in Resources */ = {isa = PBXBuildFile; fileRef = 2F6F535F21CA5C8700EEAE06 /* Main.storyboard */; };
		2F6F536321CA5C8A00EEAE06 /* Assets.xcassets in Resources */ = {isa = PBXBuildFile; fileRef = 2F6F536221CA5C8A00EEAE06 /* Assets.xcassets */; };
		2F6F536621CA5C8A00EEAE06 /* LaunchScreen.storyboard in Resources */ = {isa = PBXBuildFile; fileRef = 2F6F536421CA5C8A00EEAE06 /* LaunchScreen.storyboard */; };
		2F6F538F21CBBD1600EEAE06 /* GroupsModel.swift in Sources */ = {isa = PBXBuildFile; fileRef = 2F6F538E21CBBD1600EEAE06 /* GroupsModel.swift */; };
		2F6F539121CBC15900EEAE06 /* GroupsTableViewController.swift in Sources */ = {isa = PBXBuildFile; fileRef = 2F6F539021CBC15900EEAE06 /* GroupsTableViewController.swift */; };
		2F6F539321CC09CA00EEAE06 /* GroupsTableViewCell.swift in Sources */ = {isa = PBXBuildFile; fileRef = 2F6F539221CC09CA00EEAE06 /* GroupsTableViewCell.swift */; };
		2F6F539521D23D9D00EEAE06 /* GroupInformationModel.swift in Sources */ = {isa = PBXBuildFile; fileRef = 2F6F539421D23D9D00EEAE06 /* GroupInformationModel.swift */; };
		2F6F539721D24CDF00EEAE06 /* GroupInformationViewController.swift in Sources */ = {isa = PBXBuildFile; fileRef = 2F6F539621D24CDF00EEAE06 /* GroupInformationViewController.swift */; };
		2F6F539E21D3AD8A00EEAE06 /* UserInformationModel.swift in Sources */ = {isa = PBXBuildFile; fileRef = 2F6F539D21D3AD8A00EEAE06 /* UserInformationModel.swift */; };
		2F6F53A021D3AEEC00EEAE06 /* UserInformationViewController.swift in Sources */ = {isa = PBXBuildFile; fileRef = 2F6F539F21D3AEEC00EEAE06 /* UserInformationViewController.swift */; };
		2F6F53CA21D6303000EEAE06 /* WallInformationModel.swift in Sources */ = {isa = PBXBuildFile; fileRef = 2F6F53C921D6303000EEAE06 /* WallInformationModel.swift */; };
		2F6F53CC21D6305E00EEAE06 /* WallInformationTableViewCell.swift in Sources */ = {isa = PBXBuildFile; fileRef = 2F6F53CB21D6305E00EEAE06 /* WallInformationTableViewCell.swift */; };
		2F6F53CE21D6309300EEAE06 /* WallInformationTableViewController.swift in Sources */ = {isa = PBXBuildFile; fileRef = 2F6F53CD21D6309300EEAE06 /* WallInformationTableViewController.swift */; };
		2F764DB421DE48F30089CF71 /* PushButton.swift in Sources */ = {isa = PBXBuildFile; fileRef = 2F764DB321DE48F30089CF71 /* PushButton.swift */; };
		2F764DB621E3B58C0089CF71 /* VCLogger.swift in Sources */ = {isa = PBXBuildFile; fileRef = 2F764DB521E3B58C0089CF71 /* VCLogger.swift */; };
		2F764DBB21E532700089CF71 /* WallPostViewModel.swift in Sources */ = {isa = PBXBuildFile; fileRef = 2F764DBA21E532700089CF71 /* WallPostViewModel.swift */; };
		2F764DBD21E532A90089CF71 /* WallPostViewModelController.swift in Sources */ = {isa = PBXBuildFile; fileRef = 2F764DBC21E532A90089CF71 /* WallPostViewModelController.swift */; };
		2F764DBF21E538FA0089CF71 /* WallOwnerViewModel.swift in Sources */ = {isa = PBXBuildFile; fileRef = 2F764DBE21E538FA0089CF71 /* WallOwnerViewModel.swift */; };
		2F764DC121E539340089CF71 /* WallOwnerViewModelController.swift in Sources */ = {isa = PBXBuildFile; fileRef = 2F764DC021E539340089CF71 /* WallOwnerViewModelController.swift */; };
		2F764DC321E54BF20089CF71 /* WallGroupViewModelController.swift in Sources */ = {isa = PBXBuildFile; fileRef = 2F764DC221E54BF20089CF71 /* WallGroupViewModelController.swift */; };
		2F764DC521E54D670089CF71 /* WallGroupViewModel.swift in Sources */ = {isa = PBXBuildFile; fileRef = 2F764DC421E54D670089CF71 /* WallGroupViewModel.swift */; };
		2F764DC721E5E24F0089CF71 /* UIImageExtention.swift in Sources */ = {isa = PBXBuildFile; fileRef = 2F764DC621E5E24F0089CF71 /* UIImageExtention.swift */; };
		2F764DC921E621C90089CF71 /* ImageLoadOperation.swift in Sources */ = {isa = PBXBuildFile; fileRef = 2F764DC821E621C90089CF71 /* ImageLoadOperation.swift */; };
		2F764DCB21E7A8B00089CF71 /* ImageService.swift in Sources */ = {isa = PBXBuildFile; fileRef = 2F764DCA21E7A8AF0089CF71 /* ImageService.swift */; };
		2F764DCD21EA3A810089CF71 /* VideoModel.swift in Sources */ = {isa = PBXBuildFile; fileRef = 2F764DCC21EA3A810089CF71 /* VideoModel.swift */; };
		2FD8590D21D9132200018E58 /* FriendsModel.swift in Sources */ = {isa = PBXBuildFile; fileRef = 2FD8590C21D9132200018E58 /* FriendsModel.swift */; };
		2FD8590F21D913DC00018E58 /* FriendsTableViewController.swift in Sources */ = {isa = PBXBuildFile; fileRef = 2FD8590E21D913DC00018E58 /* FriendsTableViewController.swift */; };
		2FD8591121D9140E00018E58 /* FriendsTableViewCell.swift in Sources */ = {isa = PBXBuildFile; fileRef = 2FD8591021D9140E00018E58 /* FriendsTableViewCell.swift */; };
		2FD8591521DA109200018E58 /* APIModel.swift in Sources */ = {isa = PBXBuildFile; fileRef = 2FD8591421DA109200018E58 /* APIModel.swift */; };
		F0B5370A931DB2973B0FA7E8 /* Pods_SocialNetwork.framework in Frameworks */ = {isa = PBXBuildFile; fileRef = 4E60BD1167586CF86C36EF98 /* Pods_SocialNetwork.framework */; };
/* End PBXBuildFile section */

/* Begin PBXFileReference section */
		2F6F535821CA5C8700EEAE06 /* SocialNetwork.app */ = {isa = PBXFileReference; explicitFileType = wrapper.application; includeInIndex = 0; path = SocialNetwork.app; sourceTree = BUILT_PRODUCTS_DIR; };
		2F6F535B21CA5C8700EEAE06 /* AppDelegate.swift */ = {isa = PBXFileReference; lastKnownFileType = sourcecode.swift; path = AppDelegate.swift; sourceTree = "<group>"; };
		2F6F536021CA5C8700EEAE06 /* Base */ = {isa = PBXFileReference; lastKnownFileType = file.storyboard; name = Base; path = Base.lproj/Main.storyboard; sourceTree = "<group>"; };
		2F6F536221CA5C8A00EEAE06 /* Assets.xcassets */ = {isa = PBXFileReference; lastKnownFileType = folder.assetcatalog; path = Assets.xcassets; sourceTree = "<group>"; };
		2F6F536521CA5C8A00EEAE06 /* Base */ = {isa = PBXFileReference; lastKnownFileType = file.storyboard; name = Base; path = Base.lproj/LaunchScreen.storyboard; sourceTree = "<group>"; };
		2F6F536721CA5C8A00EEAE06 /* Info.plist */ = {isa = PBXFileReference; lastKnownFileType = text.plist.xml; path = Info.plist; sourceTree = "<group>"; };
		2F6F538E21CBBD1600EEAE06 /* GroupsModel.swift */ = {isa = PBXFileReference; lastKnownFileType = sourcecode.swift; path = GroupsModel.swift; sourceTree = "<group>"; };
		2F6F539021CBC15900EEAE06 /* GroupsTableViewController.swift */ = {isa = PBXFileReference; lastKnownFileType = sourcecode.swift; path = GroupsTableViewController.swift; sourceTree = "<group>"; };
		2F6F539221CC09CA00EEAE06 /* GroupsTableViewCell.swift */ = {isa = PBXFileReference; lastKnownFileType = sourcecode.swift; path = GroupsTableViewCell.swift; sourceTree = "<group>"; };
		2F6F539421D23D9D00EEAE06 /* GroupInformationModel.swift */ = {isa = PBXFileReference; lastKnownFileType = sourcecode.swift; path = GroupInformationModel.swift; sourceTree = "<group>"; };
		2F6F539621D24CDF00EEAE06 /* GroupInformationViewController.swift */ = {isa = PBXFileReference; lastKnownFileType = sourcecode.swift; path = GroupInformationViewController.swift; sourceTree = "<group>"; };
		2F6F539D21D3AD8A00EEAE06 /* UserInformationModel.swift */ = {isa = PBXFileReference; lastKnownFileType = sourcecode.swift; path = UserInformationModel.swift; sourceTree = "<group>"; };
		2F6F539F21D3AEEC00EEAE06 /* UserInformationViewController.swift */ = {isa = PBXFileReference; lastKnownFileType = sourcecode.swift; path = UserInformationViewController.swift; sourceTree = "<group>"; };
		2F6F53C921D6303000EEAE06 /* WallInformationModel.swift */ = {isa = PBXFileReference; lastKnownFileType = sourcecode.swift; path = WallInformationModel.swift; sourceTree = "<group>"; };
		2F6F53CB21D6305E00EEAE06 /* WallInformationTableViewCell.swift */ = {isa = PBXFileReference; lastKnownFileType = sourcecode.swift; path = WallInformationTableViewCell.swift; sourceTree = "<group>"; };
		2F6F53CD21D6309300EEAE06 /* WallInformationTableViewController.swift */ = {isa = PBXFileReference; lastKnownFileType = sourcecode.swift; path = WallInformationTableViewController.swift; sourceTree = "<group>"; };
		2F764DB321DE48F30089CF71 /* PushButton.swift */ = {isa = PBXFileReference; lastKnownFileType = sourcecode.swift; path = PushButton.swift; sourceTree = "<group>"; };
		2F764DB521E3B58C0089CF71 /* VCLogger.swift */ = {isa = PBXFileReference; lastKnownFileType = sourcecode.swift; path = VCLogger.swift; sourceTree = "<group>"; };
		2F764DBA21E532700089CF71 /* WallPostViewModel.swift */ = {isa = PBXFileReference; lastKnownFileType = sourcecode.swift; path = WallPostViewModel.swift; sourceTree = "<group>"; };
		2F764DBC21E532A90089CF71 /* WallPostViewModelController.swift */ = {isa = PBXFileReference; lastKnownFileType = sourcecode.swift; path = WallPostViewModelController.swift; sourceTree = "<group>"; };
		2F764DBE21E538FA0089CF71 /* WallOwnerViewModel.swift */ = {isa = PBXFileReference; lastKnownFileType = sourcecode.swift; path = WallOwnerViewModel.swift; sourceTree = "<group>"; };
		2F764DC021E539340089CF71 /* WallOwnerViewModelController.swift */ = {isa = PBXFileReference; lastKnownFileType = sourcecode.swift; path = WallOwnerViewModelController.swift; sourceTree = "<group>"; };
		2F764DC221E54BF20089CF71 /* WallGroupViewModelController.swift */ = {isa = PBXFileReference; lastKnownFileType = sourcecode.swift; path = WallGroupViewModelController.swift; sourceTree = "<group>"; };
		2F764DC421E54D670089CF71 /* WallGroupViewModel.swift */ = {isa = PBXFileReference; lastKnownFileType = sourcecode.swift; path = WallGroupViewModel.swift; sourceTree = "<group>"; };
		2F764DC621E5E24F0089CF71 /* UIImageExtention.swift */ = {isa = PBXFileReference; lastKnownFileType = sourcecode.swift; path = UIImageExtention.swift; sourceTree = "<group>"; };
		2F764DC821E621C90089CF71 /* ImageLoadOperation.swift */ = {isa = PBXFileReference; lastKnownFileType = sourcecode.swift; path = ImageLoadOperation.swift; sourceTree = "<group>"; };
		2F764DCA21E7A8AF0089CF71 /* ImageService.swift */ = {isa = PBXFileReference; lastKnownFileType = sourcecode.swift; path = ImageService.swift; sourceTree = "<group>"; };
		2F764DCC21EA3A810089CF71 /* VideoModel.swift */ = {isa = PBXFileReference; lastKnownFileType = sourcecode.swift; path = VideoModel.swift; sourceTree = "<group>"; };
		2FD8590C21D9132200018E58 /* FriendsModel.swift */ = {isa = PBXFileReference; lastKnownFileType = sourcecode.swift; path = FriendsModel.swift; sourceTree = "<group>"; };
		2FD8590E21D913DC00018E58 /* FriendsTableViewController.swift */ = {isa = PBXFileReference; lastKnownFileType = sourcecode.swift; path = FriendsTableViewController.swift; sourceTree = "<group>"; };
		2FD8591021D9140E00018E58 /* FriendsTableViewCell.swift */ = {isa = PBXFileReference; lastKnownFileType = sourcecode.swift; path = FriendsTableViewCell.swift; sourceTree = "<group>"; };
		2FD8591421DA109200018E58 /* APIModel.swift */ = {isa = PBXFileReference; lastKnownFileType = sourcecode.swift; path = APIModel.swift; sourceTree = "<group>"; };
		4E60BD1167586CF86C36EF98 /* Pods_SocialNetwork.framework */ = {isa = PBXFileReference; explicitFileType = wrapper.framework; includeInIndex = 0; path = Pods_SocialNetwork.framework; sourceTree = BUILT_PRODUCTS_DIR; };
		7869EA4A92C95AC87FB0C6DF /* Pods-SocialNetwork.debug.xcconfig */ = {isa = PBXFileReference; includeInIndex = 1; lastKnownFileType = text.xcconfig; name = "Pods-SocialNetwork.debug.xcconfig"; path = "Pods/Target Support Files/Pods-SocialNetwork/Pods-SocialNetwork.debug.xcconfig"; sourceTree = "<group>"; };
		AC7DB1D6F0EE797FDF280524 /* Pods-SocialNetwork.release.xcconfig */ = {isa = PBXFileReference; includeInIndex = 1; lastKnownFileType = text.xcconfig; name = "Pods-SocialNetwork.release.xcconfig"; path = "Pods/Target Support Files/Pods-SocialNetwork/Pods-SocialNetwork.release.xcconfig"; sourceTree = "<group>"; };
/* End PBXFileReference section */

/* Begin PBXFrameworksBuildPhase section */
		2F6F535521CA5C8700EEAE06 /* Frameworks */ = {
			isa = PBXFrameworksBuildPhase;
			buildActionMask = 2147483647;
			files = (
				F0B5370A931DB2973B0FA7E8 /* Pods_SocialNetwork.framework in Frameworks */,
			);
			runOnlyForDeploymentPostprocessing = 0;
		};
/* End PBXFrameworksBuildPhase section */

/* Begin PBXGroup section */
		2F6F534F21CA5C8700EEAE06 = {
			isa = PBXGroup;
			children = (
				2F6F535A21CA5C8700EEAE06 /* SocialNetwork */,
				2F6F535921CA5C8700EEAE06 /* Products */,
				96124A945712295ED8875B63 /* Pods */,
				B78CCE66A60779C296BBC2EE /* Frameworks */,
			);
			sourceTree = "<group>";
		};
		2F6F535921CA5C8700EEAE06 /* Products */ = {
			isa = PBXGroup;
			children = (
				2F6F535821CA5C8700EEAE06 /* SocialNetwork.app */,
			);
			name = Products;
			sourceTree = "<group>";
		};
		2F6F535A21CA5C8700EEAE06 /* SocialNetwork */ = {
			isa = PBXGroup;
			children = (
				2F764DB721E3CA120089CF71 /* Helpers */,
				2FD8590B21D9130000018E58 /* ListOfFriends */,
				2F6F539C21D3AD4400EEAE06 /* UserInformation */,
				2F6F53C821D62FF600EEAE06 /* WallInformation */,
				2F6F539A21D3AC4E00EEAE06 /* ListOfGroups */,
				2F6F539B21D3AC8F00EEAE06 /* DetailsOfGroup */,
				2F6F535F21CA5C8700EEAE06 /* Main.storyboard */,
				2F6F535B21CA5C8700EEAE06 /* AppDelegate.swift */,
				2F6F536221CA5C8A00EEAE06 /* Assets.xcassets */,
				2F6F536421CA5C8A00EEAE06 /* LaunchScreen.storyboard */,
				2F6F536721CA5C8A00EEAE06 /* Info.plist */,
			);
			path = SocialNetwork;
			sourceTree = "<group>";
		};
		2F6F539A21D3AC4E00EEAE06 /* ListOfGroups */ = {
			isa = PBXGroup;
			children = (
				2F6F538E21CBBD1600EEAE06 /* GroupsModel.swift */,
				2F6F539221CC09CA00EEAE06 /* GroupsTableViewCell.swift */,
				2F6F539021CBC15900EEAE06 /* GroupsTableViewController.swift */,
			);
			path = ListOfGroups;
			sourceTree = "<group>";
		};
		2F6F539B21D3AC8F00EEAE06 /* DetailsOfGroup */ = {
			isa = PBXGroup;
			children = (
				2F6F539421D23D9D00EEAE06 /* GroupInformationModel.swift */,
				2F6F539621D24CDF00EEAE06 /* GroupInformationViewController.swift */,
			);
			path = DetailsOfGroup;
			sourceTree = "<group>";
		};
		2F6F539C21D3AD4400EEAE06 /* UserInformation */ = {
			isa = PBXGroup;
			children = (
				2F6F539D21D3AD8A00EEAE06 /* UserInformationModel.swift */,
				2F6F539F21D3AEEC00EEAE06 /* UserInformationViewController.swift */,
			);
			path = UserInformation;
			sourceTree = "<group>";
		};
		2F6F53C821D62FF600EEAE06 /* WallInformation */ = {
			isa = PBXGroup;
			children = (
				2F6F53CD21D6309300EEAE06 /* WallInformationTableViewController.swift */,
				2F6F53C921D6303000EEAE06 /* WallInformationModel.swift */,
				2F6F53CB21D6305E00EEAE06 /* WallInformationTableViewCell.swift */,
				2F764DBA21E532700089CF71 /* WallPostViewModel.swift */,
				2F764DBE21E538FA0089CF71 /* WallOwnerViewModel.swift */,
				2F764DC421E54D670089CF71 /* WallGroupViewModel.swift */,
				2F764DBC21E532A90089CF71 /* WallPostViewModelController.swift */,
				2F764DC221E54BF20089CF71 /* WallGroupViewModelController.swift */,
				2F764DC021E539340089CF71 /* WallOwnerViewModelController.swift */,
				2F764DCC21EA3A810089CF71 /* VideoModel.swift */,
			);
			path = WallInformation;
			sourceTree = "<group>";
		};
		2F764DB721E3CA120089CF71 /* Helpers */ = {
			isa = PBXGroup;
			children = (
				2F764DB521E3B58C0089CF71 /* VCLogger.swift */,
				2F764DB321DE48F30089CF71 /* PushButton.swift */,
				2FD8591421DA109200018E58 /* APIModel.swift */,
				2F764DC621E5E24F0089CF71 /* UIImageExtention.swift */,
				2F764DC821E621C90089CF71 /* ImageLoadOperation.swift */,
				2F764DCA21E7A8AF0089CF71 /* ImageService.swift */,
			);
			path = Helpers;
			sourceTree = "<group>";
		};
		2FD8590B21D9130000018E58 /* ListOfFriends */ = {
			isa = PBXGroup;
			children = (
				2FD8590C21D9132200018E58 /* FriendsModel.swift */,
				2FD8591021D9140E00018E58 /* FriendsTableViewCell.swift */,
				2FD8590E21D913DC00018E58 /* FriendsTableViewController.swift */,
			);
			path = ListOfFriends;
			sourceTree = "<group>";
		};
		96124A945712295ED8875B63 /* Pods */ = {
			isa = PBXGroup;
			children = (
				7869EA4A92C95AC87FB0C6DF /* Pods-SocialNetwork.debug.xcconfig */,
				AC7DB1D6F0EE797FDF280524 /* Pods-SocialNetwork.release.xcconfig */,
			);
			name = Pods;
			sourceTree = "<group>";
		};
		B78CCE66A60779C296BBC2EE /* Frameworks */ = {
			isa = PBXGroup;
			children = (
				4E60BD1167586CF86C36EF98 /* Pods_SocialNetwork.framework */,
			);
			name = Frameworks;
			sourceTree = "<group>";
		};
/* End PBXGroup section */

/* Begin PBXNativeTarget section */
		2F6F535721CA5C8700EEAE06 /* SocialNetwork */ = {
			isa = PBXNativeTarget;
			buildConfigurationList = 2F6F536A21CA5C8A00EEAE06 /* Build configuration list for PBXNativeTarget "SocialNetwork" */;
			buildPhases = (
				7904D3BFF63FC8444B079987 /* [CP] Check Pods Manifest.lock */,
				2F6F535421CA5C8700EEAE06 /* Sources */,
				2F6F535521CA5C8700EEAE06 /* Frameworks */,
				2F6F535621CA5C8700EEAE06 /* Resources */,
				A3655A9E84B2BF676EA2967F /* [CP] Embed Pods Frameworks */,
			);
			buildRules = (
			);
			dependencies = (
			);
			name = SocialNetwork;
			productName = SocialNetwork;
			productReference = 2F6F535821CA5C8700EEAE06 /* SocialNetwork.app */;
			productType = "com.apple.product-type.application";
		};
/* End PBXNativeTarget section */

/* Begin PBXProject section */
		2F6F535021CA5C8700EEAE06 /* Project object */ = {
			isa = PBXProject;
			attributes = {
				LastSwiftUpdateCheck = 1010;
				LastUpgradeCheck = 1010;
				ORGANIZATIONNAME = "Ira Golubovich";
				TargetAttributes = {
					2F6F535721CA5C8700EEAE06 = {
						CreatedOnToolsVersion = 10.1;
					};
				};
			};
			buildConfigurationList = 2F6F535321CA5C8700EEAE06 /* Build configuration list for PBXProject "SocialNetwork" */;
			compatibilityVersion = "Xcode 9.3";
			developmentRegion = en;
			hasScannedForEncodings = 0;
			knownRegions = (
				en,
				Base,
			);
			mainGroup = 2F6F534F21CA5C8700EEAE06;
			productRefGroup = 2F6F535921CA5C8700EEAE06 /* Products */;
			projectDirPath = "";
			projectRoot = "";
			targets = (
				2F6F535721CA5C8700EEAE06 /* SocialNetwork */,
			);
		};
/* End PBXProject section */

/* Begin PBXResourcesBuildPhase section */
		2F6F535621CA5C8700EEAE06 /* Resources */ = {
			isa = PBXResourcesBuildPhase;
			buildActionMask = 2147483647;
			files = (
				2F6F536621CA5C8A00EEAE06 /* LaunchScreen.storyboard in Resources */,
				2F6F536321CA5C8A00EEAE06 /* Assets.xcassets in Resources */,
				2F6F536121CA5C8700EEAE06 /* Main.storyboard in Resources */,
			);
			runOnlyForDeploymentPostprocessing = 0;
		};
/* End PBXResourcesBuildPhase section */

/* Begin PBXShellScriptBuildPhase section */
		7904D3BFF63FC8444B079987 /* [CP] Check Pods Manifest.lock */ = {
			isa = PBXShellScriptBuildPhase;
			buildActionMask = 2147483647;
			files = (
			);
			inputFileListPaths = (
			);
			inputPaths = (
				"${PODS_PODFILE_DIR_PATH}/Podfile.lock",
				"${PODS_ROOT}/Manifest.lock",
			);
			name = "[CP] Check Pods Manifest.lock";
			outputFileListPaths = (
			);
			outputPaths = (
				"$(DERIVED_FILE_DIR)/Pods-SocialNetwork-checkManifestLockResult.txt",
			);
			runOnlyForDeploymentPostprocessing = 0;
			shellPath = /bin/sh;
			shellScript = "diff \"${PODS_PODFILE_DIR_PATH}/Podfile.lock\" \"${PODS_ROOT}/Manifest.lock\" > /dev/null\nif [ $? != 0 ] ; then\n    # print error to STDERR\n    echo \"error: The sandbox is not in sync with the Podfile.lock. Run 'pod install' or update your CocoaPods installation.\" >&2\n    exit 1\nfi\n# This output is used by Xcode 'outputs' to avoid re-running this script phase.\necho \"SUCCESS\" > \"${SCRIPT_OUTPUT_FILE_0}\"\n";
			showEnvVarsInLog = 0;
		};
		A3655A9E84B2BF676EA2967F /* [CP] Embed Pods Frameworks */ = {
			isa = PBXShellScriptBuildPhase;
			buildActionMask = 2147483647;
			files = (
			);
			inputFileListPaths = (
			);
			inputPaths = (
				"${SRCROOT}/Pods/Target Support Files/Pods-SocialNetwork/Pods-SocialNetwork-frameworks.sh",
				"${BUILT_PRODUCTS_DIR}/SQLite.swift/SQLite.framework",
				"${BUILT_PRODUCTS_DIR}/SwiftyJSON/SwiftyJSON.framework",
				"${BUILT_PRODUCTS_DIR}/SwiftyVK/SwiftyVK.framework",
			);
			name = "[CP] Embed Pods Frameworks";
			outputFileListPaths = (
			);
			outputPaths = (
				"${TARGET_BUILD_DIR}/${FRAMEWORKS_FOLDER_PATH}/SQLite.framework",
				"${TARGET_BUILD_DIR}/${FRAMEWORKS_FOLDER_PATH}/SwiftyJSON.framework",
				"${TARGET_BUILD_DIR}/${FRAMEWORKS_FOLDER_PATH}/SwiftyVK.framework",
			);
			runOnlyForDeploymentPostprocessing = 0;
			shellPath = /bin/sh;
			shellScript = "\"${SRCROOT}/Pods/Target Support Files/Pods-SocialNetwork/Pods-SocialNetwork-frameworks.sh\"\n";
			showEnvVarsInLog = 0;
		};
/* End PBXShellScriptBuildPhase section */

/* Begin PBXSourcesBuildPhase section */
		2F6F535421CA5C8700EEAE06 /* Sources */ = {
			isa = PBXSourcesBuildPhase;
			buildActionMask = 2147483647;
			files = (
				2F6F539721D24CDF00EEAE06 /* GroupInformationViewController.swift in Sources */,
				2F6F539521D23D9D00EEAE06 /* GroupInformationModel.swift in Sources */,
				2F764DBF21E538FA0089CF71 /* WallOwnerViewModel.swift in Sources */,
				2F764DB621E3B58C0089CF71 /* VCLogger.swift in Sources */,
				2F764DCD21EA3A810089CF71 /* VideoModel.swift in Sources */,
				2F764DC921E621C90089CF71 /* ImageLoadOperation.swift in Sources */,
				2F764DC721E5E24F0089CF71 /* UIImageExtention.swift in Sources */,
				2F764DC121E539340089CF71 /* WallOwnerViewModelController.swift in Sources */,
				2F764DC521E54D670089CF71 /* WallGroupViewModel.swift in Sources */,
				2FD8591121D9140E00018E58 /* FriendsTableViewCell.swift in Sources */,
				2F764DC321E54BF20089CF71 /* WallGroupViewModelController.swift in Sources */,
				2FD8591521DA109200018E58 /* APIModel.swift in Sources */,
				2F6F539E21D3AD8A00EEAE06 /* UserInformationModel.swift in Sources */,
				2F6F53CE21D6309300EEAE06 /* WallInformationTableViewController.swift in Sources */,
				2F6F539121CBC15900EEAE06 /* GroupsTableViewController.swift in Sources */,
				2F764DBB21E532700089CF71 /* WallPostViewModel.swift in Sources */,
				2F6F535C21CA5C8700EEAE06 /* AppDelegate.swift in Sources */,
				2F6F538F21CBBD1600EEAE06 /* GroupsModel.swift in Sources */,
				2F764DBD21E532A90089CF71 /* WallPostViewModelController.swift in Sources */,
				2F764DB421DE48F30089CF71 /* PushButton.swift in Sources */,
				2F6F53A021D3AEEC00EEAE06 /* UserInformationViewController.swift in Sources */,
				2F6F53CA21D6303000EEAE06 /* WallInformationModel.swift in Sources */,
				2F764DCB21E7A8B00089CF71 /* ImageService.swift in Sources */,
				2FD8590D21D9132200018E58 /* FriendsModel.swift in Sources */,
				2F6F53CC21D6305E00EEAE06 /* WallInformationTableViewCell.swift in Sources */,
				2FD8590F21D913DC00018E58 /* FriendsTableViewController.swift in Sources */,
				2F6F539321CC09CA00EEAE06 /* GroupsTableViewCell.swift in Sources */,
			);
			runOnlyForDeploymentPostprocessing = 0;
		};
/* End PBXSourcesBuildPhase section */

/* Begin PBXVariantGroup section */
		2F6F535F21CA5C8700EEAE06 /* Main.storyboard */ = {
			isa = PBXVariantGroup;
			children = (
				2F6F536021CA5C8700EEAE06 /* Base */,
			);
			name = Main.storyboard;
			sourceTree = "<group>";
		};
		2F6F536421CA5C8A00EEAE06 /* LaunchScreen.storyboard */ = {
			isa = PBXVariantGroup;
			children = (
				2F6F536521CA5C8A00EEAE06 /* Base */,
			);
			name = LaunchScreen.storyboard;
			sourceTree = "<group>";
		};
/* End PBXVariantGroup section */

/* Begin XCBuildConfiguration section */
		2F6F536821CA5C8A00EEAE06 /* Debug */ = {
			isa = XCBuildConfiguration;
			buildSettings = {
				ALWAYS_SEARCH_USER_PATHS = NO;
				CLANG_ANALYZER_NONNULL = YES;
				CLANG_ANALYZER_NUMBER_OBJECT_CONVERSION = YES_AGGRESSIVE;
				CLANG_CXX_LANGUAGE_STANDARD = "gnu++14";
				CLANG_CXX_LIBRARY = "libc++";
				CLANG_ENABLE_MODULES = YES;
				CLANG_ENABLE_OBJC_ARC = YES;
				CLANG_ENABLE_OBJC_WEAK = YES;
				CLANG_WARN_BLOCK_CAPTURE_AUTORELEASING = YES;
				CLANG_WARN_BOOL_CONVERSION = YES;
				CLANG_WARN_COMMA = YES;
				CLANG_WARN_CONSTANT_CONVERSION = YES;
				CLANG_WARN_DEPRECATED_OBJC_IMPLEMENTATIONS = YES;
				CLANG_WARN_DIRECT_OBJC_ISA_USAGE = YES_ERROR;
				CLANG_WARN_DOCUMENTATION_COMMENTS = YES;
				CLANG_WARN_EMPTY_BODY = YES;
				CLANG_WARN_ENUM_CONVERSION = YES;
				CLANG_WARN_INFINITE_RECURSION = YES;
				CLANG_WARN_INT_CONVERSION = YES;
				CLANG_WARN_NON_LITERAL_NULL_CONVERSION = YES;
				CLANG_WARN_OBJC_IMPLICIT_RETAIN_SELF = YES;
				CLANG_WARN_OBJC_LITERAL_CONVERSION = YES;
				CLANG_WARN_OBJC_ROOT_CLASS = YES_ERROR;
				CLANG_WARN_RANGE_LOOP_ANALYSIS = YES;
				CLANG_WARN_STRICT_PROTOTYPES = YES;
				CLANG_WARN_SUSPICIOUS_MOVE = YES;
				CLANG_WARN_UNGUARDED_AVAILABILITY = YES_AGGRESSIVE;
				CLANG_WARN_UNREACHABLE_CODE = YES;
				CLANG_WARN__DUPLICATE_METHOD_MATCH = YES;
				CODE_SIGN_IDENTITY = "iPhone Developer";
				COPY_PHASE_STRIP = NO;
				DEBUG_INFORMATION_FORMAT = dwarf;
				ENABLE_STRICT_OBJC_MSGSEND = YES;
				ENABLE_TESTABILITY = YES;
				GCC_C_LANGUAGE_STANDARD = gnu11;
				GCC_DYNAMIC_NO_PIC = NO;
				GCC_NO_COMMON_BLOCKS = YES;
				GCC_OPTIMIZATION_LEVEL = 0;
				GCC_PREPROCESSOR_DEFINITIONS = (
					"DEBUG=1",
					"$(inherited)",
				);
				GCC_WARN_64_TO_32_BIT_CONVERSION = YES;
				GCC_WARN_ABOUT_RETURN_TYPE = YES_ERROR;
				GCC_WARN_UNDECLARED_SELECTOR = YES;
				GCC_WARN_UNINITIALIZED_AUTOS = YES_AGGRESSIVE;
				GCC_WARN_UNUSED_FUNCTION = YES;
				GCC_WARN_UNUSED_VARIABLE = YES;
				IPHONEOS_DEPLOYMENT_TARGET = 12.1;
				MTL_ENABLE_DEBUG_INFO = INCLUDE_SOURCE;
				MTL_FAST_MATH = YES;
				ONLY_ACTIVE_ARCH = YES;
				SDKROOT = iphoneos;
				SWIFT_ACTIVE_COMPILATION_CONDITIONS = DEBUG;
				SWIFT_OPTIMIZATION_LEVEL = "-Onone";
			};
			name = Debug;
		};
		2F6F536921CA5C8A00EEAE06 /* Release */ = {
			isa = XCBuildConfiguration;
			buildSettings = {
				ALWAYS_SEARCH_USER_PATHS = NO;
				CLANG_ANALYZER_NONNULL = YES;
				CLANG_ANALYZER_NUMBER_OBJECT_CONVERSION = YES_AGGRESSIVE;
				CLANG_CXX_LANGUAGE_STANDARD = "gnu++14";
				CLANG_CXX_LIBRARY = "libc++";
				CLANG_ENABLE_MODULES = YES;
				CLANG_ENABLE_OBJC_ARC = YES;
				CLANG_ENABLE_OBJC_WEAK = YES;
				CLANG_WARN_BLOCK_CAPTURE_AUTORELEASING = YES;
				CLANG_WARN_BOOL_CONVERSION = YES;
				CLANG_WARN_COMMA = YES;
				CLANG_WARN_CONSTANT_CONVERSION = YES;
				CLANG_WARN_DEPRECATED_OBJC_IMPLEMENTATIONS = YES;
				CLANG_WARN_DIRECT_OBJC_ISA_USAGE = YES_ERROR;
				CLANG_WARN_DOCUMENTATION_COMMENTS = YES;
				CLANG_WARN_EMPTY_BODY = YES;
				CLANG_WARN_ENUM_CONVERSION = YES;
				CLANG_WARN_INFINITE_RECURSION = YES;
				CLANG_WARN_INT_CONVERSION = YES;
				CLANG_WARN_NON_LITERAL_NULL_CONVERSION = YES;
				CLANG_WARN_OBJC_IMPLICIT_RETAIN_SELF = YES;
				CLANG_WARN_OBJC_LITERAL_CONVERSION = YES;
				CLANG_WARN_OBJC_ROOT_CLASS = YES_ERROR;
				CLANG_WARN_RANGE_LOOP_ANALYSIS = YES;
				CLANG_WARN_STRICT_PROTOTYPES = YES;
				CLANG_WARN_SUSPICIOUS_MOVE = YES;
				CLANG_WARN_UNGUARDED_AVAILABILITY = YES_AGGRESSIVE;
				CLANG_WARN_UNREACHABLE_CODE = YES;
				CLANG_WARN__DUPLICATE_METHOD_MATCH = YES;
				CODE_SIGN_IDENTITY = "iPhone Developer";
				COPY_PHASE_STRIP = NO;
				DEBUG_INFORMATION_FORMAT = "dwarf-with-dsym";
				ENABLE_NS_ASSERTIONS = NO;
				ENABLE_STRICT_OBJC_MSGSEND = YES;
				GCC_C_LANGUAGE_STANDARD = gnu11;
				GCC_NO_COMMON_BLOCKS = YES;
				GCC_WARN_64_TO_32_BIT_CONVERSION = YES;
				GCC_WARN_ABOUT_RETURN_TYPE = YES_ERROR;
				GCC_WARN_UNDECLARED_SELECTOR = YES;
				GCC_WARN_UNINITIALIZED_AUTOS = YES_AGGRESSIVE;
				GCC_WARN_UNUSED_FUNCTION = YES;
				GCC_WARN_UNUSED_VARIABLE = YES;
				IPHONEOS_DEPLOYMENT_TARGET = 12.1;
				MTL_ENABLE_DEBUG_INFO = NO;
				MTL_FAST_MATH = YES;
				SDKROOT = iphoneos;
				SWIFT_COMPILATION_MODE = wholemodule;
				SWIFT_OPTIMIZATION_LEVEL = "-O";
				VALIDATE_PRODUCT = YES;
			};
			name = Release;
		};
		2F6F536B21CA5C8A00EEAE06 /* Debug */ = {
			isa = XCBuildConfiguration;
			baseConfigurationReference = 7869EA4A92C95AC87FB0C6DF /* Pods-SocialNetwork.debug.xcconfig */;
			buildSettings = {
				ASSETCATALOG_COMPILER_APPICON_NAME = AppIcon;
				CODE_SIGN_STYLE = Automatic;
				DEVELOPMENT_TEAM = N76VWDJ32E;
				INFOPLIST_FILE = SocialNetwork/Info.plist;
				LD_RUNPATH_SEARCH_PATHS = (
					"$(inherited)",
					"@executable_path/Frameworks",
				);
				PRODUCT_BUNDLE_IDENTIFIER = "Ira-Golubovich.SocialNetwork";
				PRODUCT_NAME = "$(TARGET_NAME)";
				SWIFT_VERSION = 4.2;
				TARGETED_DEVICE_FAMILY = "1,2";
			};
			name = Debug;
		};
		2F6F536C21CA5C8A00EEAE06 /* Release */ = {
			isa = XCBuildConfiguration;
			baseConfigurationReference = AC7DB1D6F0EE797FDF280524 /* Pods-SocialNetwork.release.xcconfig */;
			buildSettings = {
				ASSETCATALOG_COMPILER_APPICON_NAME = AppIcon;
				CODE_SIGN_STYLE = Automatic;
				DEVELOPMENT_TEAM = N76VWDJ32E;
				INFOPLIST_FILE = SocialNetwork/Info.plist;
				LD_RUNPATH_SEARCH_PATHS = (
					"$(inherited)",
					"@executable_path/Frameworks",
				);
				PRODUCT_BUNDLE_IDENTIFIER = "Ira-Golubovich.SocialNetwork";
				PRODUCT_NAME = "$(TARGET_NAME)";
				SWIFT_VERSION = 4.2;
				TARGETED_DEVICE_FAMILY = "1,2";
			};
			name = Release;
		};
/* End XCBuildConfiguration section */

/* Begin XCConfigurationList section */
		2F6F535321CA5C8700EEAE06 /* Build configuration list for PBXProject "SocialNetwork" */ = {
			isa = XCConfigurationList;
			buildConfigurations = (
				2F6F536821CA5C8A00EEAE06 /* Debug */,
				2F6F536921CA5C8A00EEAE06 /* Release */,
			);
			defaultConfigurationIsVisible = 0;
			defaultConfigurationName = Release;
		};
		2F6F536A21CA5C8A00EEAE06 /* Build configuration list for PBXNativeTarget "SocialNetwork" */ = {
			isa = XCConfigurationList;
			buildConfigurations = (
				2F6F536B21CA5C8A00EEAE06 /* Debug */,
				2F6F536C21CA5C8A00EEAE06 /* Release */,
			);
			defaultConfigurationIsVisible = 0;
			defaultConfigurationName = Release;
		};
/* End XCConfigurationList section */
	};
	rootObject = 2F6F535021CA5C8700EEAE06 /* Project object */;
}
